
Microsoft Visual Studio Solution File, Format Version 12.00
# Visual Studio Version 17
VisualStudioVersion = 17.7.34221.43
MinimumVisualStudioVersion = 10.0.40219.1
Project("{FAE04EC0-301F-11D3-BF4B-00C04F79EFBC}") = "LightSnake", "LightSnake\LightSnake.csproj", "{91AFD457-D48F-42D3-A403-57F8CE54F1B0}"
EndProject
Global
	GlobalSection(SolutionConfigurationPlatforms) = preSolution
		Debug|Any CPU = Debug|Any CPU
		Release|Any CPU = Release|Any CPU
	EndGlobalSection
	GlobalSection(ProjectConfigurationPlatforms) = postSolution
		{91AFD457-D48F-42D3-A403-57F8CE54F1B0}.Debug|Any CPU.ActiveCfg = Debug|Any CPU
		{91AFD457-D48F-42D3-A403-57F8CE54F1B0}.Debug|Any CPU.Build.0 = Debug|Any CPU
		{91AFD457-D48F-42D3-A403-57F8CE54F1B0}.Release|Any CPU.ActiveCfg = Release|Any CPU
		{91AFD457-D48F-42D3-A403-57F8CE54F1B0}.Release|Any CPU.Build.0 = Release|Any CPU
	EndGlobalSection
	GlobalSection(SolutionProperties) = preSolution
		HideSolutionNode = FALSE
	EndGlobalSection
	GlobalSection(ExtensibilityGlobals) = postSolution
		SolutionGuid = {CFED3C7C-E550-465D-845C-2D5FE8A90128}
	EndGlobalSection
EndGlobal
